{
  "lockfileVersion": 1,
  "configVersion": 1,
  "workspaces": {
    "": {
      "name": "@bygnet/types",
      "dependencies": {
        "@opk/ts-pkg": "^0.6.1",
        "prettier": "^3.8.1",
      },
    },
  },
  "packages": {
    "@opk/ts-pkg": ["@opk/ts-pkg@0.6.1", "", { "bin": { "ts-pkg": "dist/cli.js" } }, "sha512-L7zr/gNG3uGMFWmqKpGF1yj220gDUKYXKiThlBOi7KSHLfbU3PcrX9yRSRy6wQbk18TH5HwkdX3bz14wJqw9uA=="],

    "prettier": ["prettier@3.8.1", "", { "bin": { "prettier": "bin/prettier.cjs" } }, "sha512-UOnG6LftzbdaHZcKoPFtOcCKztrQ57WkHDeRD9t/PTQtmT0NHSeWWepj6pS0z/N7+08BHFDQVUrfmfMRcZwbMg=="],
  }
}
